{
  "name": "@mindreon/mindreon-cli",
  "version": "0.1.20",
  "lockfileVersion": 3,
  "requires": true,
  "packages": {
    "": {
      "name": "@mindreon/mindreon-cli",
      "version": "0.1.20",
      "license": "MIT",
      "bin": {
        "mindreon": "src/index.js"
      },
      "engines": {
        "node": ">=18"
      }
    }
  }
}
